
Microsoft Visual Studio Solution File, Format Version 12.00
# Visual Studio Version 16
VisualStudioVersion = 16.0.32413.511
MinimumVisualStudioVersion = 10.0.40219.1
Project("{888888A0-9F3D-457C-B088-3A5042F75D52}") = "plotsBA", "plotsBA.pyproj", "{9188CC0B-910E-4D11-B898-0A20845FA65B}"
EndProject
Global
	GlobalSection(SolutionConfigurationPlatforms) = preSolution
		Debug|Any CPU = Debug|Any CPU
		Release|Any CPU = Release|Any CPU
	EndGlobalSection
	GlobalSection(ProjectConfigurationPlatforms) = postSolution
		{9188CC0B-910E-4D11-B898-0A20845FA65B}.Debug|Any CPU.ActiveCfg = Debug|Any CPU
		{9188CC0B-910E-4D11-B898-0A20845FA65B}.Release|Any CPU.ActiveCfg = Release|Any CPU
	EndGlobalSection
	GlobalSection(SolutionProperties) = preSolution
		HideSolutionNode = FALSE
	EndGlobalSection
	GlobalSection(ExtensibilityGlobals) = postSolution
		SolutionGuid = {76433ECC-A8D7-47E7-9BBE-726477C96C1E}
	EndGlobalSection
EndGlobal
